
Microsoft Visual Studio Solution File, Format Version 12.00
# Visual Studio Version 17
VisualStudioVersion = 17.0.31903.59
MinimumVisualStudioVersion = 10.0.40219.1
Project("{FAE04EC0-301F-11D3-BF4B-00C04F79EFBC}") = "API", "API\API.csproj", "{1A51463B-687C-4220-A8C9-5A8D66755ACE}"
EndProject
Project("{FAE04EC0-301F-11D3-BF4B-00C04F79EFBC}") = "Application", "Application\Application.csproj", "{E2D5BFE7-76D1-4471-A5BF-37874B6B2401}"
EndProject
Project("{FAE04EC0-301F-11D3-BF4B-00C04F79EFBC}") = "Domain", "Domain\Domain.csproj", "{084EEC68-30DF-4C0A-BF89-3193CA161F4F}"
EndProject
Project("{FAE04EC0-301F-11D3-BF4B-00C04F79EFBC}") = "Persistence", "Persistence\Persistence.csproj", "{282286DA-2ABB-408F-B725-72973AA694EC}"
EndProject
Project("{FAE04EC0-301F-11D3-BF4B-00C04F79EFBC}") = "Infrastructure", "Infrastructure\Infrastructure.csproj", "{5D8D4A5B-C405-4541-BDE6-21B49FDA5FD6}"
EndProject
Global
	GlobalSection(SolutionConfigurationPlatforms) = preSolution
		Debug|Any CPU = Debug|Any CPU
		Release|Any CPU = Release|Any CPU
	EndGlobalSection
	GlobalSection(SolutionProperties) = preSolution
		HideSolutionNode = FALSE
	EndGlobalSection
	GlobalSection(ProjectConfigurationPlatforms) = postSolution
		{1A51463B-687C-4220-A8C9-5A8D66755ACE}.Debug|Any CPU.ActiveCfg = Debug|Any CPU
		{1A51463B-687C-4220-A8C9-5A8D66755ACE}.Debug|Any CPU.Build.0 = Debug|Any CPU
		{1A51463B-687C-4220-A8C9-5A8D66755ACE}.Release|Any CPU.ActiveCfg = Release|Any CPU
		{1A51463B-687C-4220-A8C9-5A8D66755ACE}.Release|Any CPU.Build.0 = Release|Any CPU
		{E2D5BFE7-76D1-4471-A5BF-37874B6B2401}.Debug|Any CPU.ActiveCfg = Debug|Any CPU
		{E2D5BFE7-76D1-4471-A5BF-37874B6B2401}.Debug|Any CPU.Build.0 = Debug|Any CPU
		{E2D5BFE7-76D1-4471-A5BF-37874B6B2401}.Release|Any CPU.ActiveCfg = Release|Any CPU
		{E2D5BFE7-76D1-4471-A5BF-37874B6B2401}.Release|Any CPU.Build.0 = Release|Any CPU
		{084EEC68-30DF-4C0A-BF89-3193CA161F4F}.Debug|Any CPU.ActiveCfg = Debug|Any CPU
		{084EEC68-30DF-4C0A-BF89-3193CA161F4F}.Debug|Any CPU.Build.0 = Debug|Any CPU
		{084EEC68-30DF-4C0A-BF89-3193CA161F4F}.Release|Any CPU.ActiveCfg = Release|Any CPU
		{084EEC68-30DF-4C0A-BF89-3193CA161F4F}.Release|Any CPU.Build.0 = Release|Any CPU
		{282286DA-2ABB-408F-B725-72973AA694EC}.Debug|Any CPU.ActiveCfg = Debug|Any CPU
		{282286DA-2ABB-408F-B725-72973AA694EC}.Debug|Any CPU.Build.0 = Debug|Any CPU
		{282286DA-2ABB-408F-B725-72973AA694EC}.Release|Any CPU.ActiveCfg = Release|Any CPU
		{282286DA-2ABB-408F-B725-72973AA694EC}.Release|Any CPU.Build.0 = Release|Any CPU
		{5D8D4A5B-C405-4541-BDE6-21B49FDA5FD6}.Debug|Any CPU.ActiveCfg = Debug|Any CPU
		{5D8D4A5B-C405-4541-BDE6-21B49FDA5FD6}.Debug|Any CPU.Build.0 = Debug|Any CPU
		{5D8D4A5B-C405-4541-BDE6-21B49FDA5FD6}.Release|Any CPU.ActiveCfg = Release|Any CPU
		{5D8D4A5B-C405-4541-BDE6-21B49FDA5FD6}.Release|Any CPU.Build.0 = Release|Any CPU
	EndGlobalSection
EndGlobal
